{
    "_meta": {
        "hash": {
            "sha256": "5743a73ca6aaabe4ef1166cd5609f8f43e71db56445438f053a7c187220ab11e"
        },
        "pipfile-spec": 6,
        "requires": {
            "python_version": "3.11"
        },
        "sources": [
            {
                "name": "pypi",
                "url": "https://pypi.org/simple",
                "verify_ssl": true
            }
        ]
    },
    "default": {},
    "develop": {}
}
